
Microsoft Visual Studio Solution File, Format Version 12.00
# Visual Studio Version 16
VisualStudioVersion = 16.0.28714.193
MinimumVisualStudioVersion = 10.0.40219.1
Project("{9A19103F-16F7-4668-BE54-9A1E7A4F7556}") = "Bot-O-Mat.API", "RedVentures.Bot-O-Mat.API\Bot-O-Mat.API.csproj", "{F4785A44-F4F4-40B8-931B-883F7169441F}"
EndProject
Project("{2150E333-8FDC-42A3-9474-1A3956D46DE8}") = "_documentation", "_documentation", "{114AB981-C5C8-4A01-A3B5-08F18D2E8B77}"
	ProjectSection(SolutionItems) = preProject
		api.changelog.txt = api.changelog.txt
		concept.txt = concept.txt
		structure.txt = structure.txt
		troubleshooting.txt = troubleshooting.txt
		web.changelog.txt = web.changelog.txt
	EndProjectSection
EndProject
Project("{9A19103F-16F7-4668-BE54-9A1E7A4F7556}") = "Bot-O-Mat.Web.Razor", "RedVentures.Bot-O-Mat.Web\Bot-O-Mat.Web.Razor.csproj", "{402FA9E4-E89B-491F-B561-4FD0BBCC696C}"
EndProject
Project("{9A19103F-16F7-4668-BE54-9A1E7A4F7556}") = "Bot-O-Mat.BotGenerator", "RedVentures.Bot-O-Mat.BotGenerator\Bot-O-Mat.BotGenerator.csproj", "{638AAE03-96FE-4A4C-AECD-5A97BF9898CF}"
EndProject
Project("{9A19103F-16F7-4668-BE54-9A1E7A4F7556}") = "Bot-O-Mat.Web.Angular", "Bot-O-Mat.Web.Angular\Bot-O-Mat.Web.Angular.csproj", "{97F754D4-C616-4659-BE4D-32B50C4C4412}"
EndProject
Project("{2150E333-8FDC-42A3-9474-1A3956D46DE8}") = "postman_collection", "postman_collection", "{B0E370A8-4A59-4658-A748-7323893D7849}"
	ProjectSection(SolutionItems) = preProject
		Bot-O-Mat.postman_collection.json = Bot-O-Mat.postman_collection.json
	EndProjectSection
EndProject
Global
	GlobalSection(SolutionConfigurationPlatforms) = preSolution
		Debug|Any CPU = Debug|Any CPU
		Release|Any CPU = Release|Any CPU
	EndGlobalSection
	GlobalSection(ProjectConfigurationPlatforms) = postSolution
		{F4785A44-F4F4-40B8-931B-883F7169441F}.Debug|Any CPU.ActiveCfg = Debug|Any CPU
		{F4785A44-F4F4-40B8-931B-883F7169441F}.Debug|Any CPU.Build.0 = Debug|Any CPU
		{F4785A44-F4F4-40B8-931B-883F7169441F}.Release|Any CPU.ActiveCfg = Release|Any CPU
		{F4785A44-F4F4-40B8-931B-883F7169441F}.Release|Any CPU.Build.0 = Release|Any CPU
		{402FA9E4-E89B-491F-B561-4FD0BBCC696C}.Debug|Any CPU.ActiveCfg = Debug|Any CPU
		{402FA9E4-E89B-491F-B561-4FD0BBCC696C}.Debug|Any CPU.Build.0 = Debug|Any CPU
		{402FA9E4-E89B-491F-B561-4FD0BBCC696C}.Release|Any CPU.ActiveCfg = Release|Any CPU
		{402FA9E4-E89B-491F-B561-4FD0BBCC696C}.Release|Any CPU.Build.0 = Release|Any CPU
		{638AAE03-96FE-4A4C-AECD-5A97BF9898CF}.Debug|Any CPU.ActiveCfg = Debug|Any CPU
		{638AAE03-96FE-4A4C-AECD-5A97BF9898CF}.Debug|Any CPU.Build.0 = Debug|Any CPU
		{638AAE03-96FE-4A4C-AECD-5A97BF9898CF}.Release|Any CPU.ActiveCfg = Release|Any CPU
		{638AAE03-96FE-4A4C-AECD-5A97BF9898CF}.Release|Any CPU.Build.0 = Release|Any CPU
		{97F754D4-C616-4659-BE4D-32B50C4C4412}.Debug|Any CPU.ActiveCfg = Debug|Any CPU
		{97F754D4-C616-4659-BE4D-32B50C4C4412}.Debug|Any CPU.Build.0 = Debug|Any CPU
		{97F754D4-C616-4659-BE4D-32B50C4C4412}.Release|Any CPU.ActiveCfg = Release|Any CPU
		{97F754D4-C616-4659-BE4D-32B50C4C4412}.Release|Any CPU.Build.0 = Release|Any CPU
	EndGlobalSection
	GlobalSection(SolutionProperties) = preSolution
		HideSolutionNode = FALSE
	EndGlobalSection
	GlobalSection(ExtensibilityGlobals) = postSolution
		SolutionGuid = {74DBA56C-867F-47D6-B70F-1ABE9CA53B61}
	EndGlobalSection
EndGlobal
